{
  "requires": true,
  "lockfileVersion": 1,
  "dependencies": {
    "chrono-node": {
      "version": "2.3.8",
      "resolved": "https://registry.npmjs.org/chrono-node/-/chrono-node-2.3.8.tgz",
      "integrity": "sha512-cOCUKFHkGKJ//2VK0Vjwd8qh/tDJNraZHYb4DNB48mRUyfL7ag9lCDXgos30fPmV1pha4sP4qHLYItKNS0YpRw==",
      "requires": {
        "dayjs": "^1.10.0"
      }
    },
    "dayjs": {
      "version": "1.11.2",
      "resolved": "https://registry.npmjs.org/dayjs/-/dayjs-1.11.2.tgz",
      "integrity": "sha512-F4LXf1OeU9hrSYRPTTj/6FbO4HTjPKXvEIC1P2kcnFurViINCVk3ZV0xAS3XVx9MkMsXbbqlK6hjseaYbgKEHw=="
    }
  }
}
